
Microsoft Visual Studio Solution File, Format Version 12.00
# Visual Studio Version 17
VisualStudioVersion = 17.7.34031.279
MinimumVisualStudioVersion = 10.0.40219.1
Project("{FAE04EC0-301F-11D3-BF4B-00C04F79EFBC}") = "Nagyhazi", "Nagyhazi\Nagyhazi.csproj", "{FEE791D4-1300-462A-9D91-D763F5646AFB}"
EndProject
Global
	GlobalSection(SolutionConfigurationPlatforms) = preSolution
		Debug|Any CPU = Debug|Any CPU
		Release|Any CPU = Release|Any CPU
	EndGlobalSection
	GlobalSection(ProjectConfigurationPlatforms) = postSolution
		{FEE791D4-1300-462A-9D91-D763F5646AFB}.Debug|Any CPU.ActiveCfg = Debug|Any CPU
		{FEE791D4-1300-462A-9D91-D763F5646AFB}.Debug|Any CPU.Build.0 = Debug|Any CPU
		{FEE791D4-1300-462A-9D91-D763F5646AFB}.Release|Any CPU.ActiveCfg = Release|Any CPU
		{FEE791D4-1300-462A-9D91-D763F5646AFB}.Release|Any CPU.Build.0 = Release|Any CPU
	EndGlobalSection
	GlobalSection(SolutionProperties) = preSolution
		HideSolutionNode = FALSE
	EndGlobalSection
	GlobalSection(ExtensibilityGlobals) = postSolution
		SolutionGuid = {42EDBEF0-2B62-4767-A180-37CBF4D3018F}
	EndGlobalSection
EndGlobal
